{
  "originHash" : "bb2206e5ce5d6d379f8f243ec08be8f05b2843fd251dfef8affdcab19a90387e",
  "pins" : [
    {
      "identity" : "mapbox-directions-swift",
      "kind" : "remoteSourceControl",
      "location" : "https://github.com/flitsmeister/mapbox-directions-swift",
      "state" : {
        "revision" : "6c19ecc4e1324887ae3250802b8d13d8d8b3ff2d",
        "version" : "0.23.3"
      }
    },
    {
      "identity" : "polyline",
      "kind" : "remoteSourceControl",
      "location" : "https://github.com/raphaelmor/Polyline",
      "state" : {
        "revision" : "353f80378dcd8f17eefe8550090c6b1ae3c9da23",
        "version" : "5.1.0"
      }
    },
    {
      "identity" : "solar",
      "kind" : "remoteSourceControl",
      "location" : "https://github.com/ceeK/Solar.git",
      "state" : {
        "revision" : "c2b96f2d5fb7f835b91cefac5e83101f54643901",
        "version" : "3.0.1"
      }
    },
    {
      "identity" : "trackasia-gl-native-distribution",
      "kind" : "remoteSourceControl",
      "location" : "https://github.com/track-asia/trackasia-gl-native-distribution.git",
      "state" : {
        "branch" : "2.0.3",
        "revision" : "530697abce50eb89b466916ad0ec3a7e3f1cfcdf"
      }
    },
    {
      "identity" : "trackasia-navigation-ios",
      "kind" : "remoteSourceControl",
      "location" : "https://github.com/track-asia/trackasia-navigation-ios",
      "state" : {
        "branch" : "2.0.3",
        "revision" : "5e9ad84506d63404bba8a62c4cb3fa55d75cc5e2"
      }
    },
    {
      "identity" : "turf-swift",
      "kind" : "remoteSourceControl",
      "location" : "https://github.com/mapbox/turf-swift.git",
      "state" : {
        "revision" : "213050191cfcb3d5aa76e1fa90c6ff1e182a42ca",
        "version" : "2.8.0"
      }
    }
  ],
  "version" : 3
}
