{
  "pins" : [
    {
      "identity" : "trackasia-gl-native-distribution",
      "kind" : "remoteSourceControl",
      "location" : "https://github.com/track-asia/trackasia-gl-native-distribution",
      "state" : {
        "branch" : "main",
        "revision" : "34e213d6b63ab605fa2fd0e9f2431f2937de6ae1"
      }
    }
  ],
  "version" : 2
}
