{
  "pins" : [
    {
      "identity" : "trackasia-gl-native-distribution",
      "kind" : "remoteSourceControl",
      "location" : "https://github.com/track-asia/trackasia-gl-native-distribution",
      "state" : {
        "branch" : "1.0.1",
        "revision" : "3b047aa8d2cb6eaa42a485b38baf7a2ecf85beff"
      }
    }
  ],
  "version" : 2
}
