{
  "pins" : [
    {
      "identity" : "trackasia-gl-native-distribution",
      "kind" : "remoteSourceControl",
      "location" : "https://github.com/track-asia/trackasia-gl-native-distribution",
      "state" : {
        "revision" : "49b5b35bf15495e501f956ff41c39778e97ae08f",
        "version" : "5.12.2"
      }
    }
  ],
  "version" : 2
}
